
Microsoft Visual Studio Solution File, Format Version 12.00
Project("{FAE04EC0-301F-11D3-BF4B-00C04F79EFBC}") = "Processes_HomeWork", "Processes_HomeWork\Processes_HomeWork.csproj", "{D270F9BF-146B-4044-8684-DBF011D68DBB}"
EndProject
Project("{FAE04EC0-301F-11D3-BF4B-00C04F79EFBC}") = "CalculatorProcessApp", "CalculatorProcessApp\CalculatorProcessApp.csproj", "{6C5E6627-242B-4070-97D9-27FEFC286A17}"
EndProject
Global
	GlobalSection(SolutionConfigurationPlatforms) = preSolution
		Debug|Any CPU = Debug|Any CPU
		Release|Any CPU = Release|Any CPU
	EndGlobalSection
	GlobalSection(ProjectConfigurationPlatforms) = postSolution
		{D270F9BF-146B-4044-8684-DBF011D68DBB}.Debug|Any CPU.ActiveCfg = Debug|Any CPU
		{D270F9BF-146B-4044-8684-DBF011D68DBB}.Debug|Any CPU.Build.0 = Debug|Any CPU
		{D270F9BF-146B-4044-8684-DBF011D68DBB}.Release|Any CPU.ActiveCfg = Release|Any CPU
		{D270F9BF-146B-4044-8684-DBF011D68DBB}.Release|Any CPU.Build.0 = Release|Any CPU
		{6C5E6627-242B-4070-97D9-27FEFC286A17}.Debug|Any CPU.ActiveCfg = Debug|Any CPU
		{6C5E6627-242B-4070-97D9-27FEFC286A17}.Debug|Any CPU.Build.0 = Debug|Any CPU
		{6C5E6627-242B-4070-97D9-27FEFC286A17}.Release|Any CPU.ActiveCfg = Release|Any CPU
		{6C5E6627-242B-4070-97D9-27FEFC286A17}.Release|Any CPU.Build.0 = Release|Any CPU
	EndGlobalSection
EndGlobal
